
Microsoft Visual Studio Solution File, Format Version 12.00
# Visual Studio 15
VisualStudioVersion = 15.0.26730.12
MinimumVisualStudioVersion = 10.0.40219.1
Project("{FAE04EC0-301F-11D3-BF4B-00C04F79EFBC}") = "BugTrackerWeb", "BugTrackerWeb\BugTrackerWeb.csproj", "{CE8D0C98-4CB2-449B-AA88-663E207F5B03}"
EndProject
Project("{FAE04EC0-301F-11D3-BF4B-00C04F79EFBC}") = "Consumer", "Consumer\Consumer.csproj", "{20FB9449-E73B-43E1-921A-C6C3F5B5C386}"
EndProject
Global
	GlobalSection(SolutionConfigurationPlatforms) = preSolution
		Debug|Any CPU = Debug|Any CPU
		Release|Any CPU = Release|Any CPU
	EndGlobalSection
	GlobalSection(ProjectConfigurationPlatforms) = postSolution
		{CE8D0C98-4CB2-449B-AA88-663E207F5B03}.Debug|Any CPU.ActiveCfg = Debug|Any CPU
		{CE8D0C98-4CB2-449B-AA88-663E207F5B03}.Debug|Any CPU.Build.0 = Debug|Any CPU
		{CE8D0C98-4CB2-449B-AA88-663E207F5B03}.Release|Any CPU.ActiveCfg = Release|Any CPU
		{CE8D0C98-4CB2-449B-AA88-663E207F5B03}.Release|Any CPU.Build.0 = Release|Any CPU
		{20FB9449-E73B-43E1-921A-C6C3F5B5C386}.Debug|Any CPU.ActiveCfg = Debug|Any CPU
		{20FB9449-E73B-43E1-921A-C6C3F5B5C386}.Debug|Any CPU.Build.0 = Debug|Any CPU
		{20FB9449-E73B-43E1-921A-C6C3F5B5C386}.Release|Any CPU.ActiveCfg = Release|Any CPU
		{20FB9449-E73B-43E1-921A-C6C3F5B5C386}.Release|Any CPU.Build.0 = Release|Any CPU
	EndGlobalSection
	GlobalSection(SolutionProperties) = preSolution
		HideSolutionNode = FALSE
	EndGlobalSection
	GlobalSection(ExtensibilityGlobals) = postSolution
		SolutionGuid = {9F911C5D-C769-4791-BD9E-E8AE9C756269}
	EndGlobalSection
EndGlobal
